{
  "name": "scrollable-component-test",
  "version": "0.0.0",
  "lockfileVersion": 2,
  "requires": true,
  "packages": {
    "": {
      "name": "scrollable-component-test",
      "version": "0.0.0",
      "dependencies": {
        "scrollable-component": "^1.1.2"
      }
    },
    "node_modules/scrollable-component": {
      "version": "1.1.2",
      "resolved": "https://registry.npmjs.org/scrollable-component/-/scrollable-component-1.1.2.tgz",
      "integrity": "sha512-gEofj74MzfgrKSSswvBpsthvaivyqvcG+rAxclbsXljgJ6LANzlCEx0FiJBLFeNoo+K7aHtBmW+1i10ByCYfLg=="
    }
  },
  "dependencies": {
    "scrollable-component": {
      "version": "1.1.2",
      "resolved": "https://registry.npmjs.org/scrollable-component/-/scrollable-component-1.1.2.tgz",
      "integrity": "sha512-gEofj74MzfgrKSSswvBpsthvaivyqvcG+rAxclbsXljgJ6LANzlCEx0FiJBLFeNoo+K7aHtBmW+1i10ByCYfLg=="
    }
  }
}
