{
  "name": "scrollable-component-demo",
  "lockfileVersion": 2,
  "requires": true,
  "packages": {
    "": {
      "dependencies": {
        "scrollable-component": "^1.1.1"
      }
    },
    "node_modules/scrollable-component": {
      "version": "1.1.1",
      "resolved": "https://registry.npmjs.org/scrollable-component/-/scrollable-component-1.1.1.tgz",
      "integrity": "sha512-7akJ/k/El39WYLEDCiarGAQwyXpc6vH+3ubRDIFpllYKATn/yrvFPwqebSEo2a8GDQ7mli4dCHKWjJQbAykvLw=="
    }
  },
  "dependencies": {
    "scrollable-component": {
      "version": "1.1.1",
      "resolved": "https://registry.npmjs.org/scrollable-component/-/scrollable-component-1.1.1.tgz",
      "integrity": "sha512-7akJ/k/El39WYLEDCiarGAQwyXpc6vH+3ubRDIFpllYKATn/yrvFPwqebSEo2a8GDQ7mli4dCHKWjJQbAykvLw=="
    }
  }
}
